Microsoft Visual Studio Solution File, Format Version 11.00
# Visual Studio 2008

Project("{B416A9EB-2F8B-10CA-449D-F609806CA2A9}") = "Project1942", "Assembly-CSharp-vs.csproj", "{AAD65B75-4C68-D2EC-C460-74CD3911059D}"
EndProject
Global
	GlobalSection(SolutionConfigurationPlatforms) = preSolution
		Debug|Any CPU = Debug|Any CPU
		Release|Any CPU = Release|Any CPU
	EndGlobalSection
	GlobalSection(ProjectConfigurationPlatforms) = postSolution
		{AAD65B75-4C68-D2EC-C460-74CD3911059D}.Debug|Any CPU.ActiveCfg = Debug|Any CPU
		{AAD65B75-4C68-D2EC-C460-74CD3911059D}.Debug|Any CPU.Build.0 = Debug|Any CPU
		{AAD65B75-4C68-D2EC-C460-74CD3911059D}.Release|Any CPU.ActiveCfg = Release|Any CPU
		{AAD65B75-4C68-D2EC-C460-74CD3911059D}.Release|Any CPU.Build.0 = Release|Any CPU
	EndGlobalSection
	GlobalSection(SolutionProperties) = preSolution
		HideSolutionNode = FALSE
	EndGlobalSection
																																									GlobalSection(MonoDevelopProperties) = preSolution
		StartupItem = Assembly-CSharp.csproj
		Policies = $0
		$0.TextStylePolicy = $1
		$1.inheritsSet = null
		$1.scope = text/x-csharp
		$0.CSharpFormattingPolicy = $2
		$2.inheritsSet = Mono
		$2.inheritsScope = text/x-csharp
		$2.scope = text/x-csharp
		$0.TextStylePolicy = $3
		$3.FileWidth = 120
		$3.TabWidth = 4
		$3.EolMarker = Unix
		$3.inheritsSet = Mono
		$3.inheritsScope = text/plain
		$3.scope = text/plain
	EndGlobalSection

EndGlobal
